{
  "requires": true,
  "lockfileVersion": 1,
  "dependencies": {
    "react-async-hook": {
      "version": "3.6.2",
      "resolved": "https://registry.npmjs.org/react-async-hook/-/react-async-hook-3.6.2.tgz",
      "integrity": "sha512-RkwHCJ8V7I6umKZLHneapuTRWf+eO4LOj0qUwUDsSn27jrAOcW6ClbV3x22Z4hVxH9bA0zb7y+ozDJDJ8PnZoA=="
    }
  }
}
